
Microsoft Visual Studio Solution File, Format Version 12.00
# Visual Studio 15
VisualStudioVersion = 15.0.26228.9
MinimumVisualStudioVersion = 10.0.40219.1
Project("{FAE04EC0-301F-11D3-BF4B-00C04F79EFBC}") = "Question_5", "Question_5\Question_5.csproj", "{6F175424-C13F-44F3-908E-C52B29F6A719}"
EndProject
Project("{FAE04EC0-301F-11D3-BF4B-00C04F79EFBC}") = "Question_5.Data", "Question_5.Data\Question_5.Data.csproj", "{A17AEF9D-B344-4E2E-A95E-8613F6D5E23F}"
EndProject
Project("{FAE04EC0-301F-11D3-BF4B-00C04F79EFBC}") = "Question_5.Business", "Question_5.Business\Question_5.Business.csproj", "{3A63AD81-8BE9-4F62-865F-168699511A24}"
EndProject
Global
	GlobalSection(SolutionConfigurationPlatforms) = preSolution
		Debug|Any CPU = Debug|Any CPU
		Release|Any CPU = Release|Any CPU
	EndGlobalSection
	GlobalSection(ProjectConfigurationPlatforms) = postSolution
		{6F175424-C13F-44F3-908E-C52B29F6A719}.Debug|Any CPU.ActiveCfg = Debug|Any CPU
		{6F175424-C13F-44F3-908E-C52B29F6A719}.Debug|Any CPU.Build.0 = Debug|Any CPU
		{6F175424-C13F-44F3-908E-C52B29F6A719}.Release|Any CPU.ActiveCfg = Release|Any CPU
		{6F175424-C13F-44F3-908E-C52B29F6A719}.Release|Any CPU.Build.0 = Release|Any CPU
		{A17AEF9D-B344-4E2E-A95E-8613F6D5E23F}.Debug|Any CPU.ActiveCfg = Debug|Any CPU
		{A17AEF9D-B344-4E2E-A95E-8613F6D5E23F}.Debug|Any CPU.Build.0 = Debug|Any CPU
		{A17AEF9D-B344-4E2E-A95E-8613F6D5E23F}.Release|Any CPU.ActiveCfg = Release|Any CPU
		{A17AEF9D-B344-4E2E-A95E-8613F6D5E23F}.Release|Any CPU.Build.0 = Release|Any CPU
		{3A63AD81-8BE9-4F62-865F-168699511A24}.Debug|Any CPU.ActiveCfg = Debug|Any CPU
		{3A63AD81-8BE9-4F62-865F-168699511A24}.Debug|Any CPU.Build.0 = Debug|Any CPU
		{3A63AD81-8BE9-4F62-865F-168699511A24}.Release|Any CPU.ActiveCfg = Release|Any CPU
		{3A63AD81-8BE9-4F62-865F-168699511A24}.Release|Any CPU.Build.0 = Release|Any CPU
	EndGlobalSection
	GlobalSection(SolutionProperties) = preSolution
		HideSolutionNode = FALSE
	EndGlobalSection
	GlobalSection(ExtensibilityGlobals) = postSolution
		EnterpriseLibraryConfigurationToolBinariesPath = packages\Unity.2.1.505.0\lib\NET35
	EndGlobalSection
EndGlobal
